
Microsoft Visual Studio Solution File, Format Version 12.00
# Visual Studio 14
VisualStudioVersion = 14.0.25420.1
MinimumVisualStudioVersion = 10.0.40219.1
Project("{FAE04EC0-301F-11D3-BF4B-00C04F79EFBC}") = "ConvexEnvelope", "ConvexEnvelope\ConvexEnvelope.csproj", "{9709EE05-453B-43C5-9F6F-B23F1D526285}"
EndProject
Global
	GlobalSection(SolutionConfigurationPlatforms) = preSolution
		Debug|Any CPU = Debug|Any CPU
		Release|Any CPU = Release|Any CPU
	EndGlobalSection
	GlobalSection(ProjectConfigurationPlatforms) = postSolution
		{9709EE05-453B-43C5-9F6F-B23F1D526285}.Debug|Any CPU.ActiveCfg = Debug|Any CPU
		{9709EE05-453B-43C5-9F6F-B23F1D526285}.Debug|Any CPU.Build.0 = Debug|Any CPU
		{9709EE05-453B-43C5-9F6F-B23F1D526285}.Release|Any CPU.ActiveCfg = Release|Any CPU
		{9709EE05-453B-43C5-9F6F-B23F1D526285}.Release|Any CPU.Build.0 = Release|Any CPU
	EndGlobalSection
	GlobalSection(SolutionProperties) = preSolution
		HideSolutionNode = FALSE
	EndGlobalSection
EndGlobal
